
Microsoft Visual Studio Solution File, Format Version 12.00
# Visual Studio Version 17
VisualStudioVersion = 17.2.32519.379
MinimumVisualStudioVersion = 10.0.40219.1
Project("{FAE04EC0-301F-11D3-BF4B-00C04F79EFBC}") = "iNTERFACE", "iNTERFACE\iNTERFACE.csproj", "{D4CA7FBD-C16F-49AE-A7F7-EDDE3678083F}"
EndProject
Global
	GlobalSection(SolutionConfigurationPlatforms) = preSolution
		Debug|Any CPU = Debug|Any CPU
		Release|Any CPU = Release|Any CPU
	EndGlobalSection
	GlobalSection(ProjectConfigurationPlatforms) = postSolution
		{D4CA7FBD-C16F-49AE-A7F7-EDDE3678083F}.Debug|Any CPU.ActiveCfg = Debug|Any CPU
		{D4CA7FBD-C16F-49AE-A7F7-EDDE3678083F}.Debug|Any CPU.Build.0 = Debug|Any CPU
		{D4CA7FBD-C16F-49AE-A7F7-EDDE3678083F}.Release|Any CPU.ActiveCfg = Release|Any CPU
		{D4CA7FBD-C16F-49AE-A7F7-EDDE3678083F}.Release|Any CPU.Build.0 = Release|Any CPU
	EndGlobalSection
	GlobalSection(SolutionProperties) = preSolution
		HideSolutionNode = FALSE
	EndGlobalSection
	GlobalSection(ExtensibilityGlobals) = postSolution
		SolutionGuid = {3DD5AA6B-31AF-4F9E-8F70-AE33A4ED98D7}
	EndGlobalSection
EndGlobal
