
Microsoft Visual Studio Solution File, Format Version 12.00
# Visual Studio Version 17
VisualStudioVersion = 17.0.31919.166
MinimumVisualStudioVersion = 10.0.40219.1
Project("{FAE04EC0-301F-11D3-BF4B-00C04F79EFBC}") = "LocalFunc", "LocalFunc\LocalFunc.csproj", "{1B6A3BFD-D060-4649-B852-598A57138605}"
EndProject
Project("{FAE04EC0-301F-11D3-BF4B-00C04F79EFBC}") = "enum", "enum\enum.csproj", "{08D198E9-CD26-4A84-926C-1A9AC820F776}"
EndProject
Global
	GlobalSection(SolutionConfigurationPlatforms) = preSolution
		Debug|Any CPU = Debug|Any CPU
		Release|Any CPU = Release|Any CPU
	EndGlobalSection
	GlobalSection(ProjectConfigurationPlatforms) = postSolution
		{1B6A3BFD-D060-4649-B852-598A57138605}.Debug|Any CPU.ActiveCfg = Debug|Any CPU
		{1B6A3BFD-D060-4649-B852-598A57138605}.Debug|Any CPU.Build.0 = Debug|Any CPU
		{1B6A3BFD-D060-4649-B852-598A57138605}.Release|Any CPU.ActiveCfg = Release|Any CPU
		{1B6A3BFD-D060-4649-B852-598A57138605}.Release|Any CPU.Build.0 = Release|Any CPU
		{08D198E9-CD26-4A84-926C-1A9AC820F776}.Debug|Any CPU.ActiveCfg = Debug|Any CPU
		{08D198E9-CD26-4A84-926C-1A9AC820F776}.Debug|Any CPU.Build.0 = Debug|Any CPU
		{08D198E9-CD26-4A84-926C-1A9AC820F776}.Release|Any CPU.ActiveCfg = Release|Any CPU
		{08D198E9-CD26-4A84-926C-1A9AC820F776}.Release|Any CPU.Build.0 = Release|Any CPU
	EndGlobalSection
	GlobalSection(SolutionProperties) = preSolution
		HideSolutionNode = FALSE
	EndGlobalSection
	GlobalSection(ExtensibilityGlobals) = postSolution
		SolutionGuid = {A805B9EF-68B5-4922-845F-89DBDCCBE4A6}
	EndGlobalSection
EndGlobal
