
Microsoft Visual Studio Solution File, Format Version 12.00
# Visual Studio Version 17
VisualStudioVersion = 17.0.31919.166
MinimumVisualStudioVersion = 10.0.40219.1
Project("{FAE04EC0-301F-11D3-BF4B-00C04F79EFBC}") = "Calculator_", "Calculator_\Calculator_.csproj", "{DF79FFDF-E872-46DD-A486-26569310B639}"
EndProject
Global
	GlobalSection(SolutionConfigurationPlatforms) = preSolution
		Debug|Any CPU = Debug|Any CPU
		Release|Any CPU = Release|Any CPU
	EndGlobalSection
	GlobalSection(ProjectConfigurationPlatforms) = postSolution
		{DF79FFDF-E872-46DD-A486-26569310B639}.Debug|Any CPU.ActiveCfg = Debug|Any CPU
		{DF79FFDF-E872-46DD-A486-26569310B639}.Debug|Any CPU.Build.0 = Debug|Any CPU
		{DF79FFDF-E872-46DD-A486-26569310B639}.Release|Any CPU.ActiveCfg = Release|Any CPU
		{DF79FFDF-E872-46DD-A486-26569310B639}.Release|Any CPU.Build.0 = Release|Any CPU
	EndGlobalSection
	GlobalSection(SolutionProperties) = preSolution
		HideSolutionNode = FALSE
	EndGlobalSection
	GlobalSection(ExtensibilityGlobals) = postSolution
		SolutionGuid = {ED0C1D08-3DB6-4832-AB00-D3D66B9E31DA}
	EndGlobalSection
EndGlobal
