
Microsoft Visual Studio Solution File, Format Version 12.00
# Visual Studio Version 17
VisualStudioVersion = 17.0.31919.166
MinimumVisualStudioVersion = 10.0.40219.1
Project("{FAE04EC0-301F-11D3-BF4B-00C04F79EFBC}") = "Student", "Student\Student.csproj", "{7EC27F3E-F8A3-427C-9B28-B8BF37F14036}"
EndProject
Global
	GlobalSection(SolutionConfigurationPlatforms) = preSolution
		Debug|Any CPU = Debug|Any CPU
		Release|Any CPU = Release|Any CPU
	EndGlobalSection
	GlobalSection(ProjectConfigurationPlatforms) = postSolution
		{7EC27F3E-F8A3-427C-9B28-B8BF37F14036}.Debug|Any CPU.ActiveCfg = Debug|Any CPU
		{7EC27F3E-F8A3-427C-9B28-B8BF37F14036}.Debug|Any CPU.Build.0 = Debug|Any CPU
		{7EC27F3E-F8A3-427C-9B28-B8BF37F14036}.Release|Any CPU.ActiveCfg = Release|Any CPU
		{7EC27F3E-F8A3-427C-9B28-B8BF37F14036}.Release|Any CPU.Build.0 = Release|Any CPU
	EndGlobalSection
	GlobalSection(SolutionProperties) = preSolution
		HideSolutionNode = FALSE
	EndGlobalSection
	GlobalSection(ExtensibilityGlobals) = postSolution
		SolutionGuid = {E7605191-DE04-44A1-95D9-96D59F7D5EF6}
	EndGlobalSection
EndGlobal
