
Microsoft Visual Studio Solution File, Format Version 12.00
# Visual Studio Version 17
VisualStudioVersion = 17.0.31919.166
MinimumVisualStudioVersion = 10.0.40219.1
Project("{FAE04EC0-301F-11D3-BF4B-00C04F79EFBC}") = "Phone_number_detector_ready_version", "Phone_number_detector_ready_version\Phone_number_detector_ready_version.csproj", "{C415A3CF-CBB6-4B20-BCC3-1AEFC6B683E5}"
EndProject
Global
	GlobalSection(SolutionConfigurationPlatforms) = preSolution
		Debug|Any CPU = Debug|Any CPU
		Release|Any CPU = Release|Any CPU
	EndGlobalSection
	GlobalSection(ProjectConfigurationPlatforms) = postSolution
		{C415A3CF-CBB6-4B20-BCC3-1AEFC6B683E5}.Debug|Any CPU.ActiveCfg = Debug|Any CPU
		{C415A3CF-CBB6-4B20-BCC3-1AEFC6B683E5}.Debug|Any CPU.Build.0 = Debug|Any CPU
		{C415A3CF-CBB6-4B20-BCC3-1AEFC6B683E5}.Release|Any CPU.ActiveCfg = Release|Any CPU
		{C415A3CF-CBB6-4B20-BCC3-1AEFC6B683E5}.Release|Any CPU.Build.0 = Release|Any CPU
	EndGlobalSection
	GlobalSection(SolutionProperties) = preSolution
		HideSolutionNode = FALSE
	EndGlobalSection
	GlobalSection(ExtensibilityGlobals) = postSolution
		SolutionGuid = {6F599F1F-9F80-4801-BFD8-F27A30AEFB03}
	EndGlobalSection
EndGlobal
