
Microsoft Visual Studio Solution File, Format Version 12.00
# Visual Studio Version 17
VisualStudioVersion = 17.2.32519.379
MinimumVisualStudioVersion = 10.0.40219.1
Project("{FAE04EC0-301F-11D3-BF4B-00C04F79EFBC}") = "LinkedList", "LinkedList\LinkedList.csproj", "{CC430CFE-09D8-40E7-95B8-6ECF5EEFDB11}"
EndProject
Project("{FAE04EC0-301F-11D3-BF4B-00C04F79EFBC}") = "LinkedList2", "LinkedList2\LinkedList2.csproj", "{D44BA67D-9E27-452E-A027-48EF33B5ED8F}"
EndProject
Global
	GlobalSection(SolutionConfigurationPlatforms) = preSolution
		Debug|Any CPU = Debug|Any CPU
		Release|Any CPU = Release|Any CPU
	EndGlobalSection
	GlobalSection(ProjectConfigurationPlatforms) = postSolution
		{CC430CFE-09D8-40E7-95B8-6ECF5EEFDB11}.Debug|Any CPU.ActiveCfg = Debug|Any CPU
		{CC430CFE-09D8-40E7-95B8-6ECF5EEFDB11}.Debug|Any CPU.Build.0 = Debug|Any CPU
		{CC430CFE-09D8-40E7-95B8-6ECF5EEFDB11}.Release|Any CPU.ActiveCfg = Release|Any CPU
		{CC430CFE-09D8-40E7-95B8-6ECF5EEFDB11}.Release|Any CPU.Build.0 = Release|Any CPU
		{D44BA67D-9E27-452E-A027-48EF33B5ED8F}.Debug|Any CPU.ActiveCfg = Debug|Any CPU
		{D44BA67D-9E27-452E-A027-48EF33B5ED8F}.Debug|Any CPU.Build.0 = Debug|Any CPU
		{D44BA67D-9E27-452E-A027-48EF33B5ED8F}.Release|Any CPU.ActiveCfg = Release|Any CPU
		{D44BA67D-9E27-452E-A027-48EF33B5ED8F}.Release|Any CPU.Build.0 = Release|Any CPU
	EndGlobalSection
	GlobalSection(SolutionProperties) = preSolution
		HideSolutionNode = FALSE
	EndGlobalSection
	GlobalSection(ExtensibilityGlobals) = postSolution
		SolutionGuid = {1FD0A6A5-509F-4F45-B854-6335FAAC04FA}
	EndGlobalSection
EndGlobal
