
Microsoft Visual Studio Solution File, Format Version 12.00
# Visual Studio Version 17
VisualStudioVersion = 17.2.32519.379
MinimumVisualStudioVersion = 10.0.40219.1
Project("{FAE04EC0-301F-11D3-BF4B-00C04F79EFBC}") = "StudentT", "StudentT\StudentT.csproj", "{3517BFAC-73E9-4978-98C4-063E66758B56}"
EndProject
Global
	GlobalSection(SolutionConfigurationPlatforms) = preSolution
		Debug|Any CPU = Debug|Any CPU
		Release|Any CPU = Release|Any CPU
	EndGlobalSection
	GlobalSection(ProjectConfigurationPlatforms) = postSolution
		{3517BFAC-73E9-4978-98C4-063E66758B56}.Debug|Any CPU.ActiveCfg = Debug|Any CPU
		{3517BFAC-73E9-4978-98C4-063E66758B56}.Debug|Any CPU.Build.0 = Debug|Any CPU
		{3517BFAC-73E9-4978-98C4-063E66758B56}.Release|Any CPU.ActiveCfg = Release|Any CPU
		{3517BFAC-73E9-4978-98C4-063E66758B56}.Release|Any CPU.Build.0 = Release|Any CPU
	EndGlobalSection
	GlobalSection(SolutionProperties) = preSolution
		HideSolutionNode = FALSE
	EndGlobalSection
	GlobalSection(ExtensibilityGlobals) = postSolution
		SolutionGuid = {A80693EB-C525-4C50-AD7D-A73D6504DA31}
	EndGlobalSection
EndGlobal
