
Microsoft Visual Studio Solution File, Format Version 12.00
# Visual Studio Version 17
VisualStudioVersion = 17.0.31919.166
MinimumVisualStudioVersion = 10.0.40219.1
Project("{FAE04EC0-301F-11D3-BF4B-00C04F79EFBC}") = "List", "List\List.csproj", "{EC16191D-57E4-49FD-BD80-7E7989ED0B5F}"
EndProject
Project("{FAE04EC0-301F-11D3-BF4B-00C04F79EFBC}") = "TestList", "TestList\TestList.csproj", "{15A7AE66-887B-4530-A92D-4FAC271A157D}"
EndProject
Global
	GlobalSection(SolutionConfigurationPlatforms) = preSolution
		Debug|Any CPU = Debug|Any CPU
		Release|Any CPU = Release|Any CPU
	EndGlobalSection
	GlobalSection(ProjectConfigurationPlatforms) = postSolution
		{EC16191D-57E4-49FD-BD80-7E7989ED0B5F}.Debug|Any CPU.ActiveCfg = Debug|Any CPU
		{EC16191D-57E4-49FD-BD80-7E7989ED0B5F}.Debug|Any CPU.Build.0 = Debug|Any CPU
		{EC16191D-57E4-49FD-BD80-7E7989ED0B5F}.Release|Any CPU.ActiveCfg = Release|Any CPU
		{EC16191D-57E4-49FD-BD80-7E7989ED0B5F}.Release|Any CPU.Build.0 = Release|Any CPU
		{15A7AE66-887B-4530-A92D-4FAC271A157D}.Debug|Any CPU.ActiveCfg = Debug|Any CPU
		{15A7AE66-887B-4530-A92D-4FAC271A157D}.Debug|Any CPU.Build.0 = Debug|Any CPU
		{15A7AE66-887B-4530-A92D-4FAC271A157D}.Release|Any CPU.ActiveCfg = Release|Any CPU
		{15A7AE66-887B-4530-A92D-4FAC271A157D}.Release|Any CPU.Build.0 = Release|Any CPU
	EndGlobalSection
	GlobalSection(SolutionProperties) = preSolution
		HideSolutionNode = FALSE
	EndGlobalSection
	GlobalSection(ExtensibilityGlobals) = postSolution
		SolutionGuid = {0DB0E233-247E-44B3-AF41-3482EFB95CC5}
	EndGlobalSection
EndGlobal
