
Microsoft Visual Studio Solution File, Format Version 12.00
# Visual Studio Version 17
VisualStudioVersion = 17.2.32519.379
MinimumVisualStudioVersion = 10.0.40219.1
Project("{FAE04EC0-301F-11D3-BF4B-00C04F79EFBC}") = "QueueWithClass", "QueueWithClass\QueueWithClass.csproj", "{0F219B64-D877-4454-B51B-BBAD6E5F0D31}"
EndProject
Global
	GlobalSection(SolutionConfigurationPlatforms) = preSolution
		Debug|Any CPU = Debug|Any CPU
		Release|Any CPU = Release|Any CPU
	EndGlobalSection
	GlobalSection(ProjectConfigurationPlatforms) = postSolution
		{0F219B64-D877-4454-B51B-BBAD6E5F0D31}.Debug|Any CPU.ActiveCfg = Debug|Any CPU
		{0F219B64-D877-4454-B51B-BBAD6E5F0D31}.Debug|Any CPU.Build.0 = Debug|Any CPU
		{0F219B64-D877-4454-B51B-BBAD6E5F0D31}.Release|Any CPU.ActiveCfg = Release|Any CPU
		{0F219B64-D877-4454-B51B-BBAD6E5F0D31}.Release|Any CPU.Build.0 = Release|Any CPU
	EndGlobalSection
	GlobalSection(SolutionProperties) = preSolution
		HideSolutionNode = FALSE
	EndGlobalSection
	GlobalSection(ExtensibilityGlobals) = postSolution
		SolutionGuid = {4CCD9467-5BBD-488B-90C3-64CD726172F8}
	EndGlobalSection
EndGlobal
