
Microsoft Visual Studio Solution File, Format Version 12.00
# Visual Studio Version 17
VisualStudioVersion = 17.2.32519.379
MinimumVisualStudioVersion = 10.0.40219.1
Project("{FAE04EC0-301F-11D3-BF4B-00C04F79EFBC}") = "Log(n)Notation", "BigONotation\Log(n)Notation.csproj", "{5744D701-A3EC-49B8-8223-613804F4BE59}"
EndProject
Project("{FAE04EC0-301F-11D3-BF4B-00C04F79EFBC}") = "nNotation", "nNotation\nNotation.csproj", "{80343C9F-6F97-4EE3-B220-EFD3AEBFC86F}"
EndProject
Project("{FAE04EC0-301F-11D3-BF4B-00C04F79EFBC}") = "nPowerTwoNotation", "nPowerTwoNotation\nPowerTwoNotation.csproj", "{1A2D71AA-30D5-419E-A1A1-E60C8B9FA7EC}"
EndProject
Global
	GlobalSection(SolutionConfigurationPlatforms) = preSolution
		Debug|Any CPU = Debug|Any CPU
		Release|Any CPU = Release|Any CPU
	EndGlobalSection
	GlobalSection(ProjectConfigurationPlatforms) = postSolution
		{5744D701-A3EC-49B8-8223-613804F4BE59}.Debug|Any CPU.ActiveCfg = Debug|Any CPU
		{5744D701-A3EC-49B8-8223-613804F4BE59}.Debug|Any CPU.Build.0 = Debug|Any CPU
		{5744D701-A3EC-49B8-8223-613804F4BE59}.Release|Any CPU.ActiveCfg = Release|Any CPU
		{5744D701-A3EC-49B8-8223-613804F4BE59}.Release|Any CPU.Build.0 = Release|Any CPU
		{80343C9F-6F97-4EE3-B220-EFD3AEBFC86F}.Debug|Any CPU.ActiveCfg = Debug|Any CPU
		{80343C9F-6F97-4EE3-B220-EFD3AEBFC86F}.Debug|Any CPU.Build.0 = Debug|Any CPU
		{80343C9F-6F97-4EE3-B220-EFD3AEBFC86F}.Release|Any CPU.ActiveCfg = Release|Any CPU
		{80343C9F-6F97-4EE3-B220-EFD3AEBFC86F}.Release|Any CPU.Build.0 = Release|Any CPU
		{1A2D71AA-30D5-419E-A1A1-E60C8B9FA7EC}.Debug|Any CPU.ActiveCfg = Debug|Any CPU
		{1A2D71AA-30D5-419E-A1A1-E60C8B9FA7EC}.Debug|Any CPU.Build.0 = Debug|Any CPU
		{1A2D71AA-30D5-419E-A1A1-E60C8B9FA7EC}.Release|Any CPU.ActiveCfg = Release|Any CPU
		{1A2D71AA-30D5-419E-A1A1-E60C8B9FA7EC}.Release|Any CPU.Build.0 = Release|Any CPU
	EndGlobalSection
	GlobalSection(SolutionProperties) = preSolution
		HideSolutionNode = FALSE
	EndGlobalSection
	GlobalSection(ExtensibilityGlobals) = postSolution
		SolutionGuid = {C12F4C50-6991-491B-9CB4-84E3501621B8}
	EndGlobalSection
EndGlobal
