
Microsoft Visual Studio Solution File, Format Version 12.00
# Visual Studio Version 17
VisualStudioVersion = 17.0.31919.166
MinimumVisualStudioVersion = 10.0.40219.1
Project("{FAE04EC0-301F-11D3-BF4B-00C04F79EFBC}") = "random", "random\random.csproj", "{855FAF7A-9B08-486E-B49F-A4754BD7BD50}"
EndProject
Global
	GlobalSection(SolutionConfigurationPlatforms) = preSolution
		Debug|Any CPU = Debug|Any CPU
		Release|Any CPU = Release|Any CPU
	EndGlobalSection
	GlobalSection(ProjectConfigurationPlatforms) = postSolution
		{855FAF7A-9B08-486E-B49F-A4754BD7BD50}.Debug|Any CPU.ActiveCfg = Debug|Any CPU
		{855FAF7A-9B08-486E-B49F-A4754BD7BD50}.Debug|Any CPU.Build.0 = Debug|Any CPU
		{855FAF7A-9B08-486E-B49F-A4754BD7BD50}.Release|Any CPU.ActiveCfg = Release|Any CPU
		{855FAF7A-9B08-486E-B49F-A4754BD7BD50}.Release|Any CPU.Build.0 = Release|Any CPU
	EndGlobalSection
	GlobalSection(SolutionProperties) = preSolution
		HideSolutionNode = FALSE
	EndGlobalSection
	GlobalSection(ExtensibilityGlobals) = postSolution
		SolutionGuid = {61BECD89-CDB1-4356-B24D-64D9271CF9D6}
	EndGlobalSection
EndGlobal
